version = 1
revision = 3
requires-python = ">=3.14"

[[package]]
name = "poetry1"
version = "0.1.0"
source = { editable = "../poetry1" }

[[package]]
name = "uv2"
version = "0.1.0"
source = { virtual = "." }
dependencies = [
    { name = "poetry1" },
]

[package.metadata]
requires-dist = [{ name = "poetry1", editable = "../poetry1" }]
