{
  "lockFileVersion": 11,
  "registryFileHashes": {
    "https://bcr.bazel.build/bazel_registry.json": "8a28e4aff06ee60aed2a8c281907fb8bcbf3b753c91fb5a5c57da3215d5b3497",
    "https://bcr.bazel.build/modules/abseil-cpp/20210324.2/MODULE.bazel": "7cd0312e064fde87c8d1cd79ba06c876bd23630c83466e9500321be55c96ace2",
    "https://bcr.bazel.build/modules/abseil-cpp/20211102.0/MODULE.bazel": "70390338f7a5106231d20620712f7cccb659cd0e9d073d1991c038eb9fc57589",
    "https://bcr.bazel.build/modules/abseil-cpp/20230125.1/MODULE.bazel": "89047429cb0207707b2dface14ba7f8df85273d484c2572755be4bab7ce9c3a0",
    "https://bcr.bazel.build/modules/abseil-cpp/20230802.1/MODULE.bazel": "fa92e2eb41a04df73cdabeec37107316f7e5272650f81d6cc096418fe647b915",
    "https://bcr.bazel.build/modules/abseil-cpp/20230802.1/source.json": "035b6f1911e17340db722bbc9158f830ee6d5dedba4cb3bcb9e25e590808a32c",
    "https://bcr.bazel.build/modules/apple_support/1.5.0/MODULE.bazel": "50341a62efbc483e8a2a6aec30994a58749bd7b885e18dd96aa8c33031e558ef",
    "https://bcr.bazel.build/modules/apple_support/1.5.0/source.json": "eb98a7627c0bc486b57f598ad8da50f6625d974c8f723e9ea71bd39f709c9862",
    "https://bcr.bazel.build/modules/bazel_features/1.11.0/MODULE.bazel": "f9382337dd5a474c3b7d334c2f83e50b6eaedc284253334cf823044a26de03e8",
    "https://bcr.bazel.build/modules/bazel_features/1.17.0/MODULE.bazel": "039de32d21b816b47bd42c778e0454217e9c9caac4a3cf8e15c7231ee3ddee4d",
    "https://bcr.bazel.build/modules/bazel_features/1.17.0/source.json": "4b0f9407970b57adb203bd6c23d6361cbcc8ab3273456ad06ca75675b1648b41",
    "https://bcr.bazel.build/modules/bazel_features/1.4.1/MODULE.bazel": "e45b6bb2350aff3e442ae1111c555e27eac1d915e77775f6fdc4b351b758b5d7",
    "https://bcr.bazel.build/modules/bazel_skylib/1.0.3/MODULE.bazel": "bcb0fd896384802d1ad283b4e4eb4d718eebd8cb820b0a2c3a347fb971afd9d8",
    "https://bcr.bazel.build/modules/bazel_skylib/1.2.0/MODULE.bazel": "44fe84260e454ed94ad326352a698422dbe372b21a1ac9f3eab76eb531223686",
    "https://bcr.bazel.build/modules/bazel_skylib/1.2.1/MODULE.bazel": "f35baf9da0efe45fa3da1696ae906eea3d615ad41e2e3def4aeb4e8bc0ef9a7a",
    "https://bcr.bazel.build/modules/bazel_skylib/1.3.0/MODULE.bazel": "20228b92868bf5cfc41bda7afc8a8ba2a543201851de39d990ec957b513579c5",
    "https://bcr.bazel.build/modules/bazel_skylib/1.4.1/MODULE.bazel": "a0dcb779424be33100dcae821e9e27e4f2901d9dfd5333efe5ac6a8d7ab75e1d",
    "https://bcr.bazel.build/modules/bazel_skylib/1.5.0/MODULE.bazel": "32880f5e2945ce6a03d1fbd588e9198c0a959bb42297b2cfaf1685b7bc32e138",
    "https://bcr.bazel.build/modules/bazel_skylib/1.6.1/MODULE.bazel": "8fdee2dbaace6c252131c00e1de4b165dc65af02ea278476187765e1a617b917",
    "https://bcr.bazel.build/modules/bazel_skylib/1.7.1/MODULE.bazel": "3120d80c5861aa616222ec015332e5f8d3171e062e3e804a2a0253e1be26e59b",
    "https://bcr.bazel.build/modules/bazel_skylib/1.7.1/source.json": "f121b43eeefc7c29efbd51b83d08631e2347297c95aac9764a701f2a6a2bb953",
    "https://bcr.bazel.build/modules/buildozer/7.1.2/MODULE.bazel": "2e8dd40ede9c454042645fd8d8d0cd1527966aa5c919de86661e62953cd73d84",
    "https://bcr.bazel.build/modules/buildozer/7.1.2/source.json": "c9028a501d2db85793a6996205c8de120944f50a0d570438fcae0457a5f9d1f8",
    "https://bcr.bazel.build/modules/googletest/1.11.0/MODULE.bazel": "3a83f095183f66345ca86aa13c58b59f9f94a2f81999c093d4eeaa2d262d12f4",
    "https://bcr.bazel.build/modules/googletest/1.14.0/MODULE.bazel": "cfbcbf3e6eac06ef9d85900f64424708cc08687d1b527f0ef65aa7517af8118f",
    "https://bcr.bazel.build/modules/googletest/1.14.0/source.json": "2478949479000fdd7de9a3d0107ba2c85bb5f961c3ecb1aa448f52549ce310b5",
    "https://bcr.bazel.build/modules/platforms/0.0.10/MODULE.bazel": "8cb8efaf200bdeb2150d93e162c40f388529a25852b332cec879373771e48ed5",
    "https://bcr.bazel.build/modules/platforms/0.0.10/source.json": "f22828ff4cf021a6b577f1bf6341cb9dcd7965092a439f64fc1bb3b7a5ae4bd5",
    "https://bcr.bazel.build/modules/platforms/0.0.4/MODULE.bazel": "9b328e31ee156f53f3c416a64f8491f7eb731742655a47c9eec4703a71644aee",
    "https://bcr.bazel.build/modules/platforms/0.0.5/MODULE.bazel": "5733b54ea419d5eaf7997054bb55f6a1d0b5ff8aedf0176fef9eea44f3acda37",
    "https://bcr.bazel.build/modules/platforms/0.0.6/MODULE.bazel": "ad6eeef431dc52aefd2d77ed20a4b353f8ebf0f4ecdd26a807d2da5aa8cd0615",
    "https://bcr.bazel.build/modules/platforms/0.0.7/MODULE.bazel": "72fd4a0ede9ee5c021f6a8dd92b503e089f46c227ba2813ff183b71616034814",
    "https://bcr.bazel.build/modules/platforms/0.0.9/MODULE.bazel": "4a87a60c927b56ddd67db50c89acaa62f4ce2a1d2149ccb63ffd871d5ce29ebc",
    "https://bcr.bazel.build/modules/protobuf/21.7/MODULE.bazel": "a5a29bb89544f9b97edce05642fac225a808b5b7be74038ea3640fae2f8e66a7",
    "https://bcr.bazel.build/modules/protobuf/21.7/source.json": "bbe500720421e582ff2d18b0802464205138c06056f443184de39fbb8187b09b",
    "https://bcr.bazel.build/modules/protobuf/3.19.0/MODULE.bazel": "6b5fbb433f760a99a22b18b6850ed5784ef0e9928a72668b66e4d7ccd47db9b0",
    "https://bcr.bazel.build/modules/protobuf/3.19.6/MODULE.bazel": "9233edc5e1f2ee276a60de3eaa47ac4132302ef9643238f23128fea53ea12858",
    "https://bcr.bazel.build/modules/rules_android/0.1.1/MODULE.bazel": "48809ab0091b07ad0182defb787c4c5328bd3a278938415c00a7b69b50c4d3a8",
    "https://bcr.bazel.build/modules/rules_android/0.1.1/source.json": "e6986b41626ee10bdc864937ffb6d6bf275bb5b9c65120e6137d56e6331f089e",
    "https://bcr.bazel.build/modules/rules_cc/0.0.1/MODULE.bazel": "cb2aa0747f84c6c3a78dad4e2049c154f08ab9d166b1273835a8174940365647",
    "https://bcr.bazel.build/modules/rules_cc/0.0.10/MODULE.bazel": "ec1705118f7eaedd6e118508d3d26deba2a4e76476ada7e0e3965211be012002",
    "https://bcr.bazel.build/modules/rules_cc/0.0.10/source.json": "90310b16e0e7df0cf40f8d1dccd7d373360f42419a6bfbbf5bb013182dd70e84",
    "https://bcr.bazel.build/modules/rules_cc/0.0.2/MODULE.bazel": "6915987c90970493ab97393024c156ea8fb9f3bea953b2f3ec05c34f19b5695c",
    "https://bcr.bazel.build/modules/rules_cc/0.0.6/MODULE.bazel": "abf360251023dfe3efcef65ab9d56beefa8394d4176dd29529750e1c57eaa33f",
    "https://bcr.bazel.build/modules/rules_cc/0.0.8/MODULE.bazel": "964c85c82cfeb6f3855e6a07054fdb159aced38e99a5eecf7bce9d53990afa3e",
    "https://bcr.bazel.build/modules/rules_cc/0.0.9/MODULE.bazel": "836e76439f354b89afe6a911a7adf59a6b2518fafb174483ad78a2a2fde7b1c5",
    "https://bcr.bazel.build/modules/rules_java/4.0.0/MODULE.bazel": "5a78a7ae82cd1a33cef56dc578c7d2a46ed0dca12643ee45edbb8417899e6f74",
    "https://bcr.bazel.build/modules/rules_java/7.11.1/MODULE.bazel": "b4782e019dd0b0151bd49fd8929136fd4441f527eb208fbd991b77e480b7236e",
    "https://bcr.bazel.build/modules/rules_java/7.12.2/MODULE.bazel": "579c505165ee757a4280ef83cda0150eea193eed3bef50b1004ba88b99da6de6",
    "https://bcr.bazel.build/modules/rules_java/7.12.2/source.json": "b0890f9cda8ff1b8e691a3ac6037b5c14b7fd4134765a3946b89f31ea02e5884",
    "https://bcr.bazel.build/modules/rules_java/7.2.0/MODULE.bazel": "06c0334c9be61e6cef2c8c84a7800cef502063269a5af25ceb100b192453d4ab",
    "https://bcr.bazel.build/modules/rules_java/7.6.1/MODULE.bazel": "2f14b7e8a1aa2f67ae92bc69d1ec0fa8d9f827c4e17ff5e5f02e91caa3b2d0fe",
    "https://bcr.bazel.build/modules/rules_java/7.6.5/MODULE.bazel": "481164be5e02e4cab6e77a36927683263be56b7e36fef918b458d7a8a1ebadb1",
    "https://bcr.bazel.build/modules/rules_jvm_external/4.4.2/MODULE.bazel": "a56b85e418c83eb1839819f0b515c431010160383306d13ec21959ac412d2fe7",
    "https://bcr.bazel.build/modules/rules_jvm_external/5.2/MODULE.bazel": "d9351ba35217ad0de03816ef3ed63f89d411349353077348a45348b096615036",
    "https://bcr.bazel.build/modules/rules_jvm_external/5.3/MODULE.bazel": "bf93870767689637164657731849fb887ad086739bd5d360d90007a581d5527d",
    "https://bcr.bazel.build/modules/rules_jvm_external/6.4/MODULE.bazel": "e859f460f0fcebbee0af2ac65a38c952eedb60612956395ba414fdf78babae2f",
    "https://bcr.bazel.build/modules/rules_jvm_external/6.4/source.json": "752c79441c87f8945b1aeddbde2864661e2ca594c82700b8c2d4550d080070d9",
    "https://bcr.bazel.build/modules/rules_license/0.0.3/MODULE.bazel": "627e9ab0247f7d1e05736b59dbb1b6871373de5ad31c3011880b4133cafd4bd0",
    "https://bcr.bazel.build/modules/rules_license/0.0.7/MODULE.bazel": "088fbeb0b6a419005b89cf93fe62d9517c0a2b8bb56af3244af65ecfe37e7d5d",
    "https://bcr.bazel.build/modules/rules_license/1.0.0/MODULE.bazel": "a7fda60eefdf3d8c827262ba499957e4df06f659330bbe6cdbdb975b768bb65c",
    "https://bcr.bazel.build/modules/rules_license/1.0.0/source.json": "a52c89e54cc311196e478f8382df91c15f7a2bfdf4c6cd0e2675cc2ff0b56efb",
    "https://bcr.bazel.build/modules/rules_pkg/0.7.0/MODULE.bazel": "df99f03fc7934a4737122518bb87e667e62d780b610910f0447665a7e2be62dc",
    "https://bcr.bazel.build/modules/rules_pkg/0.7.0/source.json": "c2557066e0c0342223ba592510ad3d812d4963b9024831f7f66fd0584dd8c66c",
    "https://bcr.bazel.build/modules/rules_proto/4.0.0/MODULE.bazel": "a7a7b6ce9bee418c1a760b3d84f83a299ad6952f9903c67f19e4edd964894e06",
    "https://bcr.bazel.build/modules/rules_proto/5.3.0-21.7/MODULE.bazel": "e8dff86b0971688790ae75528fe1813f71809b5afd57facb44dad9e8eca631b7",
    "https://bcr.bazel.build/modules/rules_proto/6.0.2/MODULE.bazel": "ce916b775a62b90b61888052a416ccdda405212b6aaeb39522f7dc53431a5e73",
    "https://bcr.bazel.build/modules/rules_proto/6.0.2/source.json": "17a2e195f56cb28d6bbf763e49973d13890487c6945311ed141e196fb660426d",
    "https://bcr.bazel.build/modules/rules_python/0.10.2/MODULE.bazel": "cc82bc96f2997baa545ab3ce73f196d040ffb8756fd2d66125a530031cd90e5f",
    "https://bcr.bazel.build/modules/rules_python/0.22.1/MODULE.bazel": "26114f0c0b5e93018c0c066d6673f1a2c3737c7e90af95eff30cfee38d0bbac7",
    "https://bcr.bazel.build/modules/rules_python/0.23.1/MODULE.bazel": "49ffccf0511cb8414de28321f5fcf2a31312b47c40cc21577144b7447f2bf300",
    "https://bcr.bazel.build/modules/rules_python/0.23.1/source.json": "a6d9965700e3bd75df4e19140c0e651851bb720d8b9eb280ecd1ee44b92d7646",
    "https://bcr.bazel.build/modules/rules_python/0.4.0/MODULE.bazel": "9208ee05fd48bf09ac60ed269791cf17fb343db56c8226a720fbb1cdf467166c",
    "https://bcr.bazel.build/modules/stardoc/0.5.1/MODULE.bazel": "1a05d92974d0c122f5ccf09291442580317cdd859f07a8655f1db9a60374f9f8",
    "https://bcr.bazel.build/modules/stardoc/0.5.3/MODULE.bazel": "c7f6948dae6999bf0db32c1858ae345f112cacf98f174c7a8bb707e41b974f1c",
    "https://bcr.bazel.build/modules/stardoc/0.7.0/MODULE.bazel": "05e3d6d30c099b6770e97da986c53bd31844d7f13d41412480ea265ac9e8079c",
    "https://bcr.bazel.build/modules/stardoc/0.7.0/source.json": "e3c524bf2ef20992539ce2bc4a2243f4853130209ee831689983e28d05769099",
    "https://bcr.bazel.build/modules/upb/0.0.0-20220923-a547704/MODULE.bazel": "7298990c00040a0e2f121f6c32544bab27d4452f80d9ce51349b1a28f3005c43",
    "https://bcr.bazel.build/modules/upb/0.0.0-20220923-a547704/source.json": "f1ef7d3f9e0e26d4b23d1c39b5f5de71f584dd7d1b4ef83d9bbba6ec7a6a6459",
    "https://bcr.bazel.build/modules/zlib/1.2.11/MODULE.bazel": "07b389abc85fdbca459b69e2ec656ae5622873af3f845e1c9d80fe179f3effa0",
    "https://bcr.bazel.build/modules/zlib/1.2.12/MODULE.bazel": "3b1a8834ada2a883674be8cbd36ede1b6ec481477ada359cd2d3ddc562340b27",
    "https://bcr.bazel.build/modules/zlib/1.3.1.bcr.3/MODULE.bazel": "af322bc08976524477c79d1e45e241b6efbeb918c497e8840b8ab116802dda79",
    "https://bcr.bazel.build/modules/zlib/1.3.1.bcr.3/source.json": "2be409ac3c7601245958cd4fcdff4288be79ed23bd690b4b951f500d54ee6e7d"
  },
  "selectedYankedVersions": {},
  "moduleExtensions": {}
}
