# THIS IS AN AUTOGENERATED FILE. DO NOT EDIT THIS FILE DIRECTLY.
# yarn lockfile v1


"@types/debug@^0.0.30":
  "integrity" "sha512-orGL5LXERPYsLov6CWs3Fh6203+dXzJkR7OnddIr2514Hsecwc8xRpzCapshBbKFImCsvS/mk6+FWiN5LyZJAQ=="
  "resolved" "https://registry.npmjs.org/@types/debug/-/debug-0.0.30.tgz"
  "version" "0.0.30"

"@types/node@^9.4.1":
  "integrity" "sha512-9ESUxmXt1Isc1xKfDBZ7tpULyTPY5ZCywcfvQTXoLUqP+n4D+MBH+0n75hdzrcmfCc3eWByOi27+GLmMuAvcUA=="
  "resolved" "https://registry.npmjs.org/@types/node/-/node-9.4.1.tgz"
  "version" "9.4.1"

"balanced-match@^1.0.0":
  "integrity" "sha512-9Y0g0Q8rmSt+H33DfKv7FOc3v+iRI+o1lbzt8jGcIosYW37IIW/2XVYq5NPdmaD5NQ59Nk26Kl/vZbwW9Fr8vg=="
  "resolved" "https://registry.npmjs.org/balanced-match/-/balanced-match-1.0.0.tgz"
  "version" "1.0.0"

"bluebird@^3.5.1":
  "integrity" "sha512-MKiLiV+I1AA596t9w1sQJ8jkiSr5+ZKi0WKrYGUn6d1Fx+Ij4tIj+m2WMQSGczs5jZVxV339chE8iwk6F64wjA=="
  "resolved" "https://registry.npmjs.org/bluebird/-/bluebird-3.5.1.tgz"
  "version" "3.5.1"

"brace-expansion@^1.1.7":
  "integrity" "sha512-Dnfc9ROAPrkkeLIUweEbh7LFT9Mc53tO/bbM044rKjhgAEyIGKvKXg97PM/kRizZIfUHaROZIoeEaWao+Unzfw=="
  "resolved" "https://registry.npmjs.org/brace-expansion/-/brace-expansion-1.1.8.tgz"
  "version" "1.1.8"
  dependencies:
    "balanced-match" "^1.0.0"
    "concat-map" "0.0.1"

"browser-stdout@1.3.0":
  "integrity" "sha512-7Rfk377tpSM9TWBEeHs0FlDZGoAIei2V/4MdZJoFMBFAK6BqLpxAIUepGRHGdPFgGsLb02PXovC4qddyHvQqTg=="
  "resolved" "https://registry.npmjs.org/browser-stdout/-/browser-stdout-1.3.0.tgz"
  "version" "1.3.0"

"commander@2.11.0":
  "integrity" "sha512-b0553uYA5YAEGgyYIGYROzKQ7X5RAqedkfjiZxwi0kL1g3bOaBNNZfYkzt/CL0umgD5wc9Jec2FbB98CjkMRvQ=="
  "resolved" "https://registry.npmjs.org/commander/-/commander-2.11.0.tgz"
  "version" "2.11.0"

"concat-map@0.0.1":
  "integrity" "sha512-/Srv4dswyQNBfohGpz9o6Yb3Gz3SrUDqBH5rTuhGR7ahtlbYKnVxw2bCFMRljaA7EXHaXZ8wsHdodFvbkhKmqg=="
  "resolved" "https://registry.npmjs.org/concat-map/-/concat-map-0.0.1.tgz"
  "version" "0.0.1"

"debug@^3.1.0", "debug@3.1.0":
  "integrity" "sha512-OX8XqP7/1a9cqkxYw2yXss15f26NKWBpDXQd0/uK/KPqdQhxbPa994hnzjcE2VqQpDslf55723cKPUOGSmMY3g=="
  "resolved" "https://registry.npmjs.org/debug/-/debug-3.1.0.tgz"
  "version" "3.1.0"
  dependencies:
    "ms" "2.0.0"

"diff@3.3.1":
  "integrity" "sha512-MKPHZDMB0o6yHyDryUOScqZibp914ksXwAMYMTHj6KO8UeKsRYNJD3oNCKjTqZon+V488P7N/HzXF8t7ZR95ww=="
  "resolved" "https://registry.npmjs.org/diff/-/diff-3.3.1.tgz"
  "version" "3.3.1"

"escape-string-regexp@1.0.5":
  "integrity" "sha512-vbRorB5FUQWvla16U8R/qgaFIya2qGzwDrNmCZuYKrbdSUMG6I1ZCGQRefkRVhuOkIGVne7BQ35DSfo1qvJqFg=="
  "resolved" "https://registry.npmjs.org/escape-string-regexp/-/escape-string-regexp-1.0.5.tgz"
  "version" "1.0.5"

"fs.realpath@^1.0.0":
  "integrity" "sha512-OO0pH2lK6a0hZnAdau5ItzHPI6pUlvI7jMVnxUQRtw4owF2wk8lOSabtGDCTP4Ggrg2MbGnWO9X8K1t4+fGMDw=="
  "resolved" "https://registry.npmjs.org/fs.realpath/-/fs.realpath-1.0.0.tgz"
  "version" "1.0.0"

"glob@^7.0.5", "glob@7.1.2":
  "integrity" "sha512-MJTUg1kjuLeQCJ+ccE4Vpa6kKVXkPYJ2mOCQyUuKLcLQsdrMCpBPUi8qVE6+YuaJkozeA9NusTAw3hLr8Xe5EQ=="
  "resolved" "https://registry.npmjs.org/glob/-/glob-7.1.2.tgz"
  "version" "7.1.2"
  dependencies:
    "fs.realpath" "^1.0.0"
    "inflight" "^1.0.4"
    "inherits" "2"
    "minimatch" "^3.0.4"
    "once" "^1.3.0"
    "path-is-absolute" "^1.0.0"

"growl@1.10.3":
  "integrity" "sha512-hKlsbA5Vu3xsh1Cg3J7jSmX/WaW6A5oBeqzM88oNbCRQFz+zUaXm6yxS4RVytp1scBoJzSYl4YAEOQIt6O8V1Q=="
  "resolved" "https://registry.npmjs.org/growl/-/growl-1.10.3.tgz"
  "version" "1.10.3"

"has-flag@^2.0.0":
  "integrity" "sha512-P+1n3MnwjR/Epg9BBo1KT8qbye2g2Ou4sFumihwt6I4tsUX7jnLcX4BTOSKg/B1ZrIYMN9FcEnG4x5a7NB8Eng=="
  "resolved" "https://registry.npmjs.org/has-flag/-/has-flag-2.0.0.tgz"
  "version" "2.0.0"

"he@1.1.1":
  "integrity" "sha512-z/GDPjlRMNOa2XJiB4em8wJpuuBfrFOlYKTZxtpkdr1uPdibHI8rYA3MY0KDObpVyaes0e/aunid/t88ZI2EKA=="
  "resolved" "https://registry.npmjs.org/he/-/he-1.1.1.tgz"
  "version" "1.1.1"

"inflight@^1.0.4":
  "integrity" "sha512-k92I/b08q4wvFscXCLvqfsHCrjrF7yiXsQuIVvVE7N82W3+aqpzuUdBbfhWcy/FZR3/4IgflMgKLOsvPDrGCJA=="
  "resolved" "https://registry.npmjs.org/inflight/-/inflight-1.0.6.tgz"
  "version" "1.0.6"
  dependencies:
    "once" "^1.3.0"
    "wrappy" "1"

"inherits@2":
  "integrity" "sha512-x00IRNXNy63jwGkJmzPigoySHbaqpNuzKbBOmzK+g2OdZpQ9w+sxCN+VSB3ja7IAge2OP2qpfxTjeNcyjmW1uw=="
  "resolved" "https://registry.npmjs.org/inherits/-/inherits-2.0.3.tgz"
  "version" "2.0.3"

"minimatch@^3.0.4":
  "integrity" "sha512-yJHVQEhyqPLUTgt9B83PXu6W3rx4MvvHvSUvToogpwoGDOUQ+yDrR0HRot+yOCdCO7u4hX3pWft6kWBBcqh0UA=="
  "resolved" "https://registry.npmjs.org/minimatch/-/minimatch-3.0.4.tgz"
  "version" "3.0.4"
  dependencies:
    "brace-expansion" "^1.1.7"

"minimist@0.0.8":
  "integrity" "sha512-miQKw5Hv4NS1Psg2517mV4e4dYNaO3++hjAvLOAzKqZ61rH8NS1SK+vbfBWZ5PY/Me/bEWhUwqMghEW5Fb9T7Q=="
  "resolved" "https://registry.npmjs.org/minimist/-/minimist-0.0.8.tgz"
  "version" "0.0.8"

"mkdirp@0.5.1":
  "integrity" "sha512-SknJC52obPfGQPnjIkXbmA6+5H15E+fR+E4iR2oQ3zzCLbd7/ONua69R/Gw7AgkTLsRG+r5fzksYwWe1AgTyWA=="
  "resolved" "https://registry.npmjs.org/mkdirp/-/mkdirp-0.5.1.tgz"
  "version" "0.5.1"
  dependencies:
    "minimist" "0.0.8"

"mocha@^5.0.0":
  "integrity" "sha512-ukB2dF+u4aeJjc6IGtPNnJXfeby5d4ZqySlIBT0OEyva/DrMjVm5HkQxKnHDLKEfEQBsEnwTg9HHhtPHJdTd8w=="
  "resolved" "https://registry.npmjs.org/mocha/-/mocha-5.0.0.tgz"
  "version" "5.0.0"
  dependencies:
    "browser-stdout" "1.3.0"
    "commander" "2.11.0"
    "debug" "3.1.0"
    "diff" "3.3.1"
    "escape-string-regexp" "1.0.5"
    "glob" "7.1.2"
    "growl" "1.10.3"
    "he" "1.1.1"
    "mkdirp" "0.5.1"
    "supports-color" "4.4.0"

"ms@2.0.0":
  "integrity" "sha512-Tpp60P6IUJDTuOq/5Z8cdskzJujfwqfOTkrwIwj7IRISpnkJnT6SyJ4PCPnGMoFjC9ddhal5KVIYtAt97ix05A=="
  "resolved" "https://registry.npmjs.org/ms/-/ms-2.0.0.tgz"
  "version" "2.0.0"

"once@^1.3.0":
  "integrity" "sha512-lNaJgI+2Q5URQBkccEKHTQOPaXdUxnZZElQTZY0MFUAuaEqe1E+Nyvgdz/aIyNi6Z9MzO5dv1H8n58/GELp3+w=="
  "resolved" "https://registry.npmjs.org/once/-/once-1.4.0.tgz"
  "version" "1.4.0"
  dependencies:
    "wrappy" "1"

"path-is-absolute@^1.0.0":
  "integrity" "sha512-AVbw3UJ2e9bq64vSaS9Am0fje1Pa8pbGqTTsmXfaIiMpnr5DlDhfJOuLj9Sf95ZPVDAUerDfEk88MPmPe7UCQg=="
  "resolved" "https://registry.npmjs.org/path-is-absolute/-/path-is-absolute-1.0.1.tgz"
  "version" "1.0.1"

"rimraf@^2.6.2":
  "integrity" "sha512-lreewLK/BlghmxtfH36YYVg1i8IAce4TI7oao75I1g245+6BctqTVQiBP3YUJ9C6DQOXJmkYR9X9fCLtCOJc5w=="
  "resolved" "https://registry.npmjs.org/rimraf/-/rimraf-2.6.2.tgz"
  "version" "2.6.2"
  dependencies:
    "glob" "^7.0.5"

"should-equal@^2.0.0":
  "integrity" "sha512-ZP36TMrK9euEuWQYBig9W55WPC7uo37qzAEmbjHz4gfyuXrEUgF8cUvQVO+w+d3OMfPvSRQJ22lSm8MQJ43LTA=="
  "resolved" "https://registry.npmjs.org/should-equal/-/should-equal-2.0.0.tgz"
  "version" "2.0.0"
  dependencies:
    "should-type" "^1.4.0"

"should-format@^3.0.3":
  "integrity" "sha512-hZ58adtulAk0gKtua7QxevgUaXTTXxIi8t41L3zo9AHvjXO1/7sdLECuHeIN2SRtYXpNkmhoUP2pdeWgricQ+Q=="
  "resolved" "https://registry.npmjs.org/should-format/-/should-format-3.0.3.tgz"
  "version" "3.0.3"
  dependencies:
    "should-type" "^1.3.0"
    "should-type-adaptors" "^1.0.1"

"should-type-adaptors@^1.0.1":
  "integrity" "sha512-JA4hdoLnN+kebEp2Vs8eBe9g7uy0zbRo+RMcU0EsNy+R+k049Ki+N5tT5Jagst2g7EAja+euFuoXFCa8vIklfA=="
  "resolved" "https://registry.npmjs.org/should-type-adaptors/-/should-type-adaptors-1.1.0.tgz"
  "version" "1.1.0"
  dependencies:
    "should-type" "^1.3.0"
    "should-util" "^1.0.0"

"should-type@^1.3.0", "should-type@^1.4.0":
  "integrity" "sha512-MdAsTu3n25yDbIe1NeN69G4n6mUnJGtSJHygX3+oN0ZbO3DTiATnf7XnYJdGT42JCXurTb1JI0qOBR65shvhPQ=="
  "resolved" "https://registry.npmjs.org/should-type/-/should-type-1.4.0.tgz"
  "version" "1.4.0"

"should-util@^1.0.0":
  "integrity" "sha512-wAv/dBL5cz8PYNqGUZHE2dFhd7vRUCF01dJVBiNOFn+eJsOCMDMMRflh4uLTGS7IupUxnjBFzDpMtYooBUB0XQ=="
  "resolved" "https://registry.npmjs.org/should-util/-/should-util-1.0.0.tgz"
  "version" "1.0.0"

"should@^13.2.1":
  "integrity" "sha512-l+/NwEMO+DcstsHEwPHRHzC9j4UOE3VQwJGcMWSsD/vqpqHbnQ+1iSHy64Ihmmjx1uiRPD9pFadTSc3MJtXAgw=="
  "resolved" "https://registry.npmjs.org/should/-/should-13.2.1.tgz"
  "version" "13.2.1"
  dependencies:
    "should-equal" "^2.0.0"
    "should-format" "^3.0.3"
    "should-type" "^1.4.0"
    "should-type-adaptors" "^1.0.1"
    "should-util" "^1.0.0"

"supports-color@4.4.0":
  "integrity" "sha512-rKC3+DyXWgK0ZLKwmRsrkyHVZAjNkfzeehuFWdGGcqGDTZFH73+RH6S/RDAAxl9GusSjZSUWYLmT9N5pzXFOXQ=="
  "resolved" "https://registry.npmjs.org/supports-color/-/supports-color-4.4.0.tgz"
  "version" "4.4.0"
  dependencies:
    "has-flag" "^2.0.0"

"typescript@^2.7.1":
  "integrity" "sha512-bqB1yS6o9TNA9ZC/MJxM0FZzPnZdtHj0xWK/IZ5khzVqdpGul/R/EIiHRgFXlwTD7PSIaYVnGKq1QgMCu2mnqw=="
  "resolved" "https://registry.npmjs.org/typescript/-/typescript-2.7.1.tgz"
  "version" "2.7.1"

"wrappy@1":
  "integrity" "sha512-l4Sp/DRseor9wL6EvV2+TuQn63dMkPjZ/sp9XkghTEbV9KlPS1xUsZ3u7/IQO4wxtcFB4bgpQPRcR3QCvezPcQ=="
  "resolved" "https://registry.npmjs.org/wrappy/-/wrappy-1.0.2.tgz"
  "version" "1.0.2"
