
Microsoft Visual Studio Solution File, Format Version 12.00
# Visual Studio 14
VisualStudioVersion = 14.0.25420.1
MinimumVisualStudioVersion = 10.0.40219.1
Project("{FAE04EC0-301F-11D3-BF4B-00C04F79EFBC}") = "SingleNameSpace", "SingleNameSpace\SingleNameSpace.csproj", "{9B61AF9B-D0C6-4BC9-A200-CA79FCA4D4FF}"
EndProject
Project("{FAE04EC0-301F-11D3-BF4B-00C04F79EFBC}") = "PythonLibs", "PythonLibs\PythonLibs.csproj", "{5F3A396C-3DE2-48A6-91DB-418B6C9E1BBB}"
EndProject
Global
	GlobalSection(SolutionConfigurationPlatforms) = preSolution
		Debug|Any CPU = Debug|Any CPU
		Release|Any CPU = Release|Any CPU
	EndGlobalSection
	GlobalSection(ProjectConfigurationPlatforms) = postSolution
		{9B61AF9B-D0C6-4BC9-A200-CA79FCA4D4FF}.Debug|Any CPU.ActiveCfg = Debug|Any CPU
		{9B61AF9B-D0C6-4BC9-A200-CA79FCA4D4FF}.Debug|Any CPU.Build.0 = Debug|Any CPU
		{9B61AF9B-D0C6-4BC9-A200-CA79FCA4D4FF}.Release|Any CPU.ActiveCfg = Release|Any CPU
		{9B61AF9B-D0C6-4BC9-A200-CA79FCA4D4FF}.Release|Any CPU.Build.0 = Release|Any CPU
		{5F3A396C-3DE2-48A6-91DB-418B6C9E1BBB}.Debug|Any CPU.ActiveCfg = Debug|Any CPU
		{5F3A396C-3DE2-48A6-91DB-418B6C9E1BBB}.Debug|Any CPU.Build.0 = Debug|Any CPU
		{5F3A396C-3DE2-48A6-91DB-418B6C9E1BBB}.Release|Any CPU.ActiveCfg = Release|Any CPU
		{5F3A396C-3DE2-48A6-91DB-418B6C9E1BBB}.Release|Any CPU.Build.0 = Release|Any CPU
	EndGlobalSection
	GlobalSection(SolutionProperties) = preSolution
		HideSolutionNode = FALSE
	EndGlobalSection
EndGlobal
